
Microsoft Visual Studio Solution File, Format Version 12.00
# Visual Studio 15
VisualStudioVersion = 15.0.28307.572
MinimumVisualStudioVersion = 10.0.40219.1
Project("{FAE04EC0-301F-11D3-BF4B-00C04F79EFBC}") = "WPFTemplateExample1", "WPFTemplateExample1\WPFTemplateExample1.csproj", "{307F2A21-4B9E-4D09-A482-94453FA8B6AA}"
EndProject
Project("{FAE04EC0-301F-11D3-BF4B-00C04F79EFBC}") = "DataTemplateExampleStart", "DataTemplateExampleStart\DataTemplateExampleStart.csproj", "{1CED536B-B7D3-43C5-97BC-6C29D00F7EB3}"
EndProject
Global
	GlobalSection(SolutionConfigurationPlatforms) = preSolution
		Debug|Any CPU = Debug|Any CPU
		Release|Any CPU = Release|Any CPU
	EndGlobalSection
	GlobalSection(ProjectConfigurationPlatforms) = postSolution
		{307F2A21-4B9E-4D09-A482-94453FA8B6AA}.Debug|Any CPU.ActiveCfg = Debug|Any CPU
		{307F2A21-4B9E-4D09-A482-94453FA8B6AA}.Debug|Any CPU.Build.0 = Debug|Any CPU
		{307F2A21-4B9E-4D09-A482-94453FA8B6AA}.Release|Any CPU.ActiveCfg = Release|Any CPU
		{307F2A21-4B9E-4D09-A482-94453FA8B6AA}.Release|Any CPU.Build.0 = Release|Any CPU
		{1CED536B-B7D3-43C5-97BC-6C29D00F7EB3}.Debug|Any CPU.ActiveCfg = Debug|Any CPU
		{1CED536B-B7D3-43C5-97BC-6C29D00F7EB3}.Debug|Any CPU.Build.0 = Debug|Any CPU
		{1CED536B-B7D3-43C5-97BC-6C29D00F7EB3}.Release|Any CPU.ActiveCfg = Release|Any CPU
		{1CED536B-B7D3-43C5-97BC-6C29D00F7EB3}.Release|Any CPU.Build.0 = Release|Any CPU
	EndGlobalSection
	GlobalSection(SolutionProperties) = preSolution
		HideSolutionNode = FALSE
	EndGlobalSection
	GlobalSection(ExtensibilityGlobals) = postSolution
		SolutionGuid = {06FA0066-2C66-43E4-9FC4-677C4D3157FF}
	EndGlobalSection
EndGlobal
