
Microsoft Visual Studio Solution File, Format Version 12.00
# Visual Studio 15
VisualStudioVersion = 15.0.28307.572
MinimumVisualStudioVersion = 10.0.40219.1
Project("{FAE04EC0-301F-11D3-BF4B-00C04F79EFBC}") = "Section3_WorkingWithMicrosoftVS", "Section3_WorkingWithMicrosoftVS\Section3_WorkingWithMicrosoftVS.csproj", "{EC7C21D9-F627-4124-94F0-78C2351F977F}"
EndProject
Global
	GlobalSection(SolutionConfigurationPlatforms) = preSolution
		Debug|Any CPU = Debug|Any CPU
		Release|Any CPU = Release|Any CPU
	EndGlobalSection
	GlobalSection(ProjectConfigurationPlatforms) = postSolution
		{EC7C21D9-F627-4124-94F0-78C2351F977F}.Debug|Any CPU.ActiveCfg = Debug|Any CPU
		{EC7C21D9-F627-4124-94F0-78C2351F977F}.Debug|Any CPU.Build.0 = Debug|Any CPU
		{EC7C21D9-F627-4124-94F0-78C2351F977F}.Release|Any CPU.ActiveCfg = Release|Any CPU
		{EC7C21D9-F627-4124-94F0-78C2351F977F}.Release|Any CPU.Build.0 = Release|Any CPU
	EndGlobalSection
	GlobalSection(SolutionProperties) = preSolution
		HideSolutionNode = FALSE
	EndGlobalSection
	GlobalSection(ExtensibilityGlobals) = postSolution
		SolutionGuid = {1809D806-456E-4D5E-9CC4-75EA8F02B26E}
	EndGlobalSection
EndGlobal
