
Microsoft Visual Studio Solution File, Format Version 12.00
# Visual Studio 15
VisualStudioVersion = 15.0.28307.572
MinimumVisualStudioVersion = 10.0.40219.1
Project("{FAE04EC0-301F-11D3-BF4B-00C04F79EFBC}") = "Lec17_CustomClassExample", "Lec17_CustomClassExample\Lec17_CustomClassExample.csproj", "{D4776AA8-5D09-4C9F-BBA0-7FD7042334DE}"
EndProject
Global
	GlobalSection(SolutionConfigurationPlatforms) = preSolution
		Debug|Any CPU = Debug|Any CPU
		Release|Any CPU = Release|Any CPU
	EndGlobalSection
	GlobalSection(ProjectConfigurationPlatforms) = postSolution
		{D4776AA8-5D09-4C9F-BBA0-7FD7042334DE}.Debug|Any CPU.ActiveCfg = Debug|Any CPU
		{D4776AA8-5D09-4C9F-BBA0-7FD7042334DE}.Debug|Any CPU.Build.0 = Debug|Any CPU
		{D4776AA8-5D09-4C9F-BBA0-7FD7042334DE}.Release|Any CPU.ActiveCfg = Release|Any CPU
		{D4776AA8-5D09-4C9F-BBA0-7FD7042334DE}.Release|Any CPU.Build.0 = Release|Any CPU
	EndGlobalSection
	GlobalSection(SolutionProperties) = preSolution
		HideSolutionNode = FALSE
	EndGlobalSection
	GlobalSection(ExtensibilityGlobals) = postSolution
		SolutionGuid = {1C456F3B-33C7-447E-8BD5-A0BC74DC98BD}
	EndGlobalSection
EndGlobal
